
Microsoft Visual Studio Solution File, Format Version 12.00
# Visual Studio 14
VisualStudioVersion = 14.0.25420.1
MinimumVisualStudioVersion = 10.0.40219.1
Project("{8BC9CEB8-8B4A-11D0-8D11-00A0C91BC942}") = "EbcDebugger", ".msvc\EbcDebugger.vcxproj", "{8296AF37-D183-4416-B3B6-19D2A80AD4A8}"
	ProjectSection(ProjectDependencies) = postProject
		{3135D563-9596-4584-9ED6-616ADEC52974} = {3135D563-9596-4584-9ED6-616ADEC52974}
	EndProjectSection
EndProject
Project("{8BC9CEB8-8B4A-11D0-8D11-00A0C91BC942}") = "EbcDebuggerConfig", ".msvc\EbcDebuggerConfig.vcxproj", "{8CFC5233-23C6-49E3-8A2D-7E581AB305BA}"
	ProjectSection(ProjectDependencies) = postProject
		{3135D563-9596-4584-9ED6-616ADEC52974} = {3135D563-9596-4584-9ED6-616ADEC52974}
	EndProjectSection
EndProject
Project("{8BC9CEB8-8B4A-11D0-8D11-00A0C91BC942}") = "gnu-efi", ".msvc\gnu-efi.vcxproj", "{3135D563-9596-4584-9ED6-616ADEC52974}"
EndProject
Global
	GlobalSection(SolutionConfigurationPlatforms) = preSolution
		Debug|arm = Debug|arm
		Debug|ia32 = Debug|ia32
		Debug|x64 = Debug|x64
		Release|arm = Release|arm
		Release|ia32 = Release|ia32
		Release|x64 = Release|x64
	EndGlobalSection
	GlobalSection(ProjectConfigurationPlatforms) = postSolution
		{8296AF37-D183-4416-B3B6-19D2A80AD4A8}.Debug|arm.ActiveCfg = Release|ARM
		{8296AF37-D183-4416-B3B6-19D2A80AD4A8}.Debug|arm.Build.0 = Release|ARM
		{8296AF37-D183-4416-B3B6-19D2A80AD4A8}.Debug|ia32.ActiveCfg = Release|Win32
		{8296AF37-D183-4416-B3B6-19D2A80AD4A8}.Debug|ia32.Build.0 = Release|Win32
		{8296AF37-D183-4416-B3B6-19D2A80AD4A8}.Debug|x64.ActiveCfg = Release|x64
		{8296AF37-D183-4416-B3B6-19D2A80AD4A8}.Debug|x64.Build.0 = Release|x64
		{8296AF37-D183-4416-B3B6-19D2A80AD4A8}.Release|arm.ActiveCfg = Release|ARM
		{8296AF37-D183-4416-B3B6-19D2A80AD4A8}.Release|arm.Build.0 = Release|ARM
		{8296AF37-D183-4416-B3B6-19D2A80AD4A8}.Release|ia32.ActiveCfg = Release|Win32
		{8296AF37-D183-4416-B3B6-19D2A80AD4A8}.Release|ia32.Build.0 = Release|Win32
		{8296AF37-D183-4416-B3B6-19D2A80AD4A8}.Release|x64.ActiveCfg = Release|x64
		{8296AF37-D183-4416-B3B6-19D2A80AD4A8}.Release|x64.Build.0 = Release|x64
		{8CFC5233-23C6-49E3-8A2D-7E581AB305BA}.Debug|arm.ActiveCfg = Release|ARM
		{8CFC5233-23C6-49E3-8A2D-7E581AB305BA}.Debug|arm.Build.0 = Release|ARM
		{8CFC5233-23C6-49E3-8A2D-7E581AB305BA}.Debug|ia32.ActiveCfg = Release|Win32
		{8CFC5233-23C6-49E3-8A2D-7E581AB305BA}.Debug|ia32.Build.0 = Release|Win32
		{8CFC5233-23C6-49E3-8A2D-7E581AB305BA}.Debug|x64.ActiveCfg = Release|x64
		{8CFC5233-23C6-49E3-8A2D-7E581AB305BA}.Debug|x64.Build.0 = Release|x64
		{8CFC5233-23C6-49E3-8A2D-7E581AB305BA}.Release|arm.ActiveCfg = Release|ARM
		{8CFC5233-23C6-49E3-8A2D-7E581AB305BA}.Release|arm.Build.0 = Release|ARM
		{8CFC5233-23C6-49E3-8A2D-7E581AB305BA}.Release|ia32.ActiveCfg = Release|Win32
		{8CFC5233-23C6-49E3-8A2D-7E581AB305BA}.Release|ia32.Build.0 = Release|Win32
		{8CFC5233-23C6-49E3-8A2D-7E581AB305BA}.Release|x64.ActiveCfg = Release|x64
		{8CFC5233-23C6-49E3-8A2D-7E581AB305BA}.Release|x64.Build.0 = Release|x64
		{3135D563-9596-4584-9ED6-616ADEC52974}.Debug|arm.ActiveCfg = Release|ARM
		{3135D563-9596-4584-9ED6-616ADEC52974}.Debug|arm.Build.0 = Release|ARM
		{3135D563-9596-4584-9ED6-616ADEC52974}.Debug|ia32.ActiveCfg = Release|Win32
		{3135D563-9596-4584-9ED6-616ADEC52974}.Debug|ia32.Build.0 = Release|Win32
		{3135D563-9596-4584-9ED6-616ADEC52974}.Debug|x64.ActiveCfg = Release|x64
		{3135D563-9596-4584-9ED6-616ADEC52974}.Debug|x64.Build.0 = Release|x64
		{3135D563-9596-4584-9ED6-616ADEC52974}.Release|arm.ActiveCfg = Release|ARM
		{3135D563-9596-4584-9ED6-616ADEC52974}.Release|arm.Build.0 = Release|ARM
		{3135D563-9596-4584-9ED6-616ADEC52974}.Release|ia32.ActiveCfg = Release|Win32
		{3135D563-9596-4584-9ED6-616ADEC52974}.Release|ia32.Build.0 = Release|Win32
		{3135D563-9596-4584-9ED6-616ADEC52974}.Release|x64.ActiveCfg = Release|x64
		{3135D563-9596-4584-9ED6-616ADEC52974}.Release|x64.Build.0 = Release|x64
	EndGlobalSection
	GlobalSection(SolutionProperties) = preSolution
		HideSolutionNode = FALSE
	EndGlobalSection
EndGlobal
